
Microsoft Visual Studio Solution File, Format Version 12.00
# Visual Studio 15
VisualStudioVersion = 15.0.27703.2035
MinimumVisualStudioVersion = 10.0.40219.1
Project("{2150E333-8FDC-42A3-9474-1A3956D46DE8}") = "Test GUIs", "Test GUIs", "{4CFEE54A-C7C1-41E5-A137-8FB908B17F4C}"
EndProject
Project("{2150E333-8FDC-42A3-9474-1A3956D46DE8}") = "Net 4.6.1", "Net 4.6.1", "{6743C1F9-84A5-4572-B6BD-D42421B2A67A}"
EndProject
Project("{2150E333-8FDC-42A3-9474-1A3956D46DE8}") = "MusicApiCollection.Net 4.6.1", "MusicApiCollection.Net 4.6.1", "{0BB9C9D1-F4DF-4A86-9CBE-DE6866CEB6C3}"
EndProject
Project("{2150E333-8FDC-42A3-9474-1A3956D46DE8}") = "MusicApiCollection.Portable", "MusicApiCollection.Portable", "{3ED48FA9-63F1-4274-BF4C-EAC80814D8C1}"
EndProject
Project("{2150E333-8FDC-42A3-9474-1A3956D46DE8}") = "MusicApiCollection.Shared", "MusicApiCollection.Shared", "{E25FEDA5-0978-47E0-9BB7-651EADF3545F}"
EndProject
Project("{2150E333-8FDC-42A3-9474-1A3956D46DE8}") = "MusicApiCollection.Net 4.0", "MusicApiCollection.Net 4.0", "{BF24BF5A-3D52-4D64-9600-9CDEF3023BC1}"
EndProject
Project("{2150E333-8FDC-42A3-9474-1A3956D46DE8}") = "MusicApiCollection.Net 4.0 CP", "MusicApiCollection.Net 4.0 CP", "{1D540ED8-500D-49FB-B30A-CF008FC181E5}"
EndProject
Project("{2150E333-8FDC-42A3-9474-1A3956D46DE8}") = "MusicApiCollection.Net 4.5", "MusicApiCollection.Net 4.5", "{AC13A0C0-0C1B-47BD-857B-B1395AFB7EF1}"
EndProject
Project("{2150E333-8FDC-42A3-9474-1A3956D46DE8}") = "MusicApiCollection.Net 4.5.1", "MusicApiCollection.Net 4.5.1", "{0C62954E-7F36-4EFC-BEC3-4CDDC17280A9}"
EndProject
Project("{2150E333-8FDC-42A3-9474-1A3956D46DE8}") = "MusicApiCollection.Net 4.5.2", "MusicApiCollection.Net 4.5.2", "{E479CF6F-9B10-46F1-80F0-12F31B562C2B}"
EndProject
Project("{2150E333-8FDC-42A3-9474-1A3956D46DE8}") = "MusicApiCollection.Net Core", "MusicApiCollection.Net Core", "{2566DE7F-BA31-4834-AB56-BE29E4765F71}"
EndProject
Project("{2150E333-8FDC-42A3-9474-1A3956D46DE8}") = "Solution Items", "Solution Items", "{C3C333C0-098B-48FD-A82C-582C0FACB8DB}"
	ProjectSection(SolutionItems) = preProject
		.gitattributes = .gitattributes
		.gitignore = .gitignore
		LICENSE = LICENSE
		README.md = README.md
	EndProjectSection
EndProject
Project("{2150E333-8FDC-42A3-9474-1A3956D46DE8}") = "nuget", "nuget", "{5B5594D6-1502-4289-A3C6-5FEEB189A5C6}"
EndProject
Project("{2150E333-8FDC-42A3-9474-1A3956D46DE8}") = "Net 4.0", "Net 4.0", "{40719194-31EB-49D6-BA61-F2D5EBC0B1E9}"
EndProject
Project("{2150E333-8FDC-42A3-9474-1A3956D46DE8}") = "Net 4 Client", "Net 4 Client", "{902CE409-5138-4B52-A421-ABF8AC828E0B}"
EndProject
Project("{2150E333-8FDC-42A3-9474-1A3956D46DE8}") = "Net 4.5", "Net 4.5", "{FA27F839-9DDF-405A-BA6F-A532C2387D77}"
EndProject
Project("{2150E333-8FDC-42A3-9474-1A3956D46DE8}") = "Net 4.5.1", "Net 4.5.1", "{D14AA78E-6135-4F3F-93BE-896B0CB51E20}"
EndProject
Project("{2150E333-8FDC-42A3-9474-1A3956D46DE8}") = "Net 4.5.2", "Net 4.5.2", "{FCCE92FD-7F9A-4CDE-A141-0009FB36B34E}"
EndProject
Project("{2150E333-8FDC-42A3-9474-1A3956D46DE8}") = "Portable", "Portable", "{A9272430-09DA-402A-A456-9277D842B302}"
EndProject
Project("{FAE04EC0-301F-11D3-BF4B-00C04F79EFBC}") = "MusicApiCollection", "MusicApiCollection.Net 4.0\MusicApiCollection.csproj", "{960771BB-1AD7-4167-A33B-D5740196A7E6}"
EndProject
Project("{FAE04EC0-301F-11D3-BF4B-00C04F79EFBC}") = "MusicApiCollection", "MusicApiCollection.Net 4.0 CP\MusicApiCollection.csproj", "{1E888729-BF82-4847-8BA6-B31219A8C7B0}"
EndProject
Project("{FAE04EC0-301F-11D3-BF4B-00C04F79EFBC}") = "MusicApiCollection", "MusicApiCollection.Net 4.6.1\MusicApiCollection.csproj", "{89DDE2FB-7C7A-4BA0-9955-873F700DCE2D}"
EndProject
Project("{FAE04EC0-301F-11D3-BF4B-00C04F79EFBC}") = "MusicApiCollection", "MusicApiCollection.Portable\MusicApiCollection.csproj", "{3A1A8339-21C7-4606-8F56-5DD4B8D4B2F9}"
EndProject
Project("{D954291E-2A0B-460D-934E-DC6B0785DB48}") = "MusicApiCollection", "MusicApiCollection.Shared\MusicApiCollection.shproj", "{050B2EB9-758B-40A0-BAE3-07B0D126E9DC}"
EndProject
Project("{FAE04EC0-301F-11D3-BF4B-00C04F79EFBC}") = "MusicApiCollection", "MusicApiCollection.Net 4.5\MusicApiCollection.csproj", "{B574438F-6397-4053-9311-34BCC7A03909}"
EndProject
Project("{FAE04EC0-301F-11D3-BF4B-00C04F79EFBC}") = "MusicApiCollection", "MusicApiCollection.Net 4.5.1\MusicApiCollection.csproj", "{6F7DB2AC-9035-480B-935C-6F7629446416}"
EndProject
Project("{FAE04EC0-301F-11D3-BF4B-00C04F79EFBC}") = "MusicApiCollection", "MusicApiCollection.Net 4.5.2\MusicApiCollection.csproj", "{F71FA347-1128-42B3-A0E2-293E7B214ADE}"
EndProject
Project("{9A19103F-16F7-4668-BE54-9A1E7A4F7556}") = "MusicApiCollection.Net Core", "MusicApiCollection.Net Core\MusicApiCollection.Net Core.csproj", "{ADB250BE-F8FB-400B-A66A-32E04512C3AB}"
EndProject
Project("{FAE04EC0-301F-11D3-BF4B-00C04F79EFBC}") = "Net_4_6_1", "Test GUIs\Net_4_6_1\Net_4_6_1.csproj", "{AA88CBDC-92E4-46E5-8836-5288AA047574}"
EndProject
Project("{2150E333-8FDC-42A3-9474-1A3956D46DE8}") = "Tests", "Tests", "{A5091875-37D9-4198-8A6F-97C516F488DF}"
EndProject
Project("{2150E333-8FDC-42A3-9474-1A3956D46DE8}") = "ResponseExamples", "ResponseExamples", "{11A62122-E519-4B70-9D78-AA9194A1B3FD}"
EndProject
Project("{2150E333-8FDC-42A3-9474-1A3956D46DE8}") = "MusicBrainz", "MusicBrainz", "{EA7B90E3-8EF4-4F05-83C9-2B616E30C708}"
EndProject
Project("{2150E333-8FDC-42A3-9474-1A3956D46DE8}") = "Search", "Search", "{DBCF537D-6B45-498A-9DFB-C24D11426B33}"
EndProject
Project("{2150E333-8FDC-42A3-9474-1A3956D46DE8}") = "Lookup", "Lookup", "{8874CF69-3580-4C18-80BC-E066585AD577}"
EndProject
Project("{2150E333-8FDC-42A3-9474-1A3956D46DE8}") = "CoverArtArchive", "CoverArtArchive", "{9B4CD95F-C200-4114-B6B3-49DF17313AEC}"
EndProject
Project("{FAE04EC0-301F-11D3-BF4B-00C04F79EFBC}") = "Tests", "Tests\Tests.csproj", "{9767662C-243B-4E17-B692-9059CD9E4E86}"
EndProject
Project("{2150E333-8FDC-42A3-9474-1A3956D46DE8}") = "Response Examples", "Response Examples", "{56CF9B48-D14A-486E-A8B3-79E47E6700EB}"
EndProject
Project("{2150E333-8FDC-42A3-9474-1A3956D46DE8}") = "FanartTv", "FanartTv", "{EB6309AE-9932-4C27-A64A-743CE77D0C7D}"
	ProjectSection(SolutionItems) = preProject
		Response Examples\FanartTv\album_9ba659df-5814-32f6-b95f-02b738698e7c.json = Response Examples\FanartTv\album_9ba659df-5814-32f6-b95f-02b738698e7c.json
		Response Examples\FanartTv\artist-latest.json = Response Examples\FanartTv\artist-latest.json
		Response Examples\FanartTv\artist_f4a31f0a-51dd-4fa7-986d-3095c40c5ed9t.json = Response Examples\FanartTv\artist_f4a31f0a-51dd-4fa7-986d-3095c40c5ed9t.json
		Response Examples\FanartTv\label_e832b688-546b-45e3-83e5-9f8db5dcde1d.json = Response Examples\FanartTv\label_e832b688-546b-45e3-83e5-9f8db5dcde1d.json
		Response Examples\FanartTv\movie-latest.json = Response Examples\FanartTv\movie-latest.json
		Response Examples\FanartTv\movie_10195.json = Response Examples\FanartTv\movie_10195.json
		Response Examples\FanartTv\show-latest.json = Response Examples\FanartTv\show-latest.json
		Response Examples\FanartTv\show_75682.json = Response Examples\FanartTv\show_75682.json
	EndProjectSection
EndProject
Project("{7CF6DF6D-3B04-46F8-A40B-537D21BCA0B4}") = "Documentation", "Help\Documentation\Documentation.shfbproj", "{64EEF7E3-4AA0-4C4D-8F44-288451165E19}"
EndProject
Project("{2150E333-8FDC-42A3-9474-1A3956D46DE8}") = "Net 4 Client", "Net 4 Client", "{902CE409-5138-4B52-A421-ABF8AC828E0B}"
EndProject
Project("{2150E333-8FDC-42A3-9474-1A3956D46DE8}") = "Net 4.5", "Net 4.5", "{FA27F839-9DDF-405A-BA6F-A532C2387D77}"
EndProject
Project("{2150E333-8FDC-42A3-9474-1A3956D46DE8}") = "Net 4.5.1", "Net 4.5.1", "{D14AA78E-6135-4F3F-93BE-896B0CB51E20}"
EndProject
Project("{2150E333-8FDC-42A3-9474-1A3956D46DE8}") = "Net 4.5.2", "Net 4.5.2", "{FCCE92FD-7F9A-4CDE-A141-0009FB36B34E}"
EndProject
Project("{2150E333-8FDC-42A3-9474-1A3956D46DE8}") = "Portable", "Portable", "{A9272430-09DA-402A-A456-9277D842B302}"
EndProject
Project("{FAE04EC0-301F-11D3-BF4B-00C04F79EFBC}") = "MusicApiCollection", "MusicApiCollection.Net 4.0\MusicApiCollection.csproj", "{960771BB-1AD7-4167-A33B-D5740196A7E6}"
EndProject
Project("{FAE04EC0-301F-11D3-BF4B-00C04F79EFBC}") = "MusicApiCollection", "MusicApiCollection.Net 4.0 CP\MusicApiCollection.csproj", "{1E888729-BF82-4847-8BA6-B31219A8C7B0}"
EndProject
Project("{FAE04EC0-301F-11D3-BF4B-00C04F79EFBC}") = "MusicApiCollection", "MusicApiCollection.Net 4.6.1\MusicApiCollection.csproj", "{89DDE2FB-7C7A-4BA0-9955-873F700DCE2D}"
EndProject
Project("{FAE04EC0-301F-11D3-BF4B-00C04F79EFBC}") = "MusicApiCollection", "MusicApiCollection.Portable\MusicApiCollection.csproj", "{3A1A8339-21C7-4606-8F56-5DD4B8D4B2F9}"
EndProject
Project("{D954291E-2A0B-460D-934E-DC6B0785DB48}") = "MusicApiCollection", "MusicApiCollection.Shared\MusicApiCollection.shproj", "{050B2EB9-758B-40A0-BAE3-07B0D126E9DC}"
EndProject
Project("{FAE04EC0-301F-11D3-BF4B-00C04F79EFBC}") = "MusicApiCollection", "MusicApiCollection.Net 4.5\MusicApiCollection.csproj", "{B574438F-6397-4053-9311-34BCC7A03909}"
EndProject
Project("{FAE04EC0-301F-11D3-BF4B-00C04F79EFBC}") = "MusicApiCollection", "MusicApiCollection.Net 4.5.1\MusicApiCollection.csproj", "{6F7DB2AC-9035-480B-935C-6F7629446416}"
EndProject
Project("{FAE04EC0-301F-11D3-BF4B-00C04F79EFBC}") = "MusicApiCollection", "MusicApiCollection.Net 4.5.2\MusicApiCollection.csproj", "{F71FA347-1128-42B3-A0E2-293E7B214ADE}"
EndProject
Project("{9A19103F-16F7-4668-BE54-9A1E7A4F7556}") = "MusicApiCollection.Net Core", "MusicApiCollection.Net Core\MusicApiCollection.Net Core.csproj", "{ADB250BE-F8FB-400B-A66A-32E04512C3AB}"
EndProject
Project("{FAE04EC0-301F-11D3-BF4B-00C04F79EFBC}") = "Net_4_6_1", "Test GUIs\Net_4_6_1\Net_4_6_1.csproj", "{AA88CBDC-92E4-46E5-8836-5288AA047574}"
EndProject
Project("{2150E333-8FDC-42A3-9474-1A3956D46DE8}") = "Tests", "Tests", "{A5091875-37D9-4198-8A6F-97C516F488DF}"
EndProject
Project("{2150E333-8FDC-42A3-9474-1A3956D46DE8}") = "ResponseExamples", "ResponseExamples", "{11A62122-E519-4B70-9D78-AA9194A1B3FD}"
EndProject
Project("{2150E333-8FDC-42A3-9474-1A3956D46DE8}") = "MusicBrainz", "MusicBrainz", "{EA7B90E3-8EF4-4F05-83C9-2B616E30C708}"
EndProject
Project("{2150E333-8FDC-42A3-9474-1A3956D46DE8}") = "Search", "Search", "{DBCF537D-6B45-498A-9DFB-C24D11426B33}"
EndProject
Project("{2150E333-8FDC-42A3-9474-1A3956D46DE8}") = "Lookup", "Lookup", "{8874CF69-3580-4C18-80BC-E066585AD577}"
EndProject
Project("{2150E333-8FDC-42A3-9474-1A3956D46DE8}") = "CoverArtArchive", "CoverArtArchive", "{9B4CD95F-C200-4114-B6B3-49DF17313AEC}"
EndProject
Project("{FAE04EC0-301F-11D3-BF4B-00C04F79EFBC}") = "Tests", "Tests\Tests.csproj", "{9767662C-243B-4E17-B692-9059CD9E4E86}"
EndProject
Project("{2150E333-8FDC-42A3-9474-1A3956D46DE8}") = "Response Examples", "Response Examples", "{56CF9B48-D14A-486E-A8B3-79E47E6700EB}"
EndProject
Project("{2150E333-8FDC-42A3-9474-1A3956D46DE8}") = "FanartTv", "FanartTv", "{EB6309AE-9932-4C27-A64A-743CE77D0C7D}"
	ProjectSection(SolutionItems) = preProject
		Response Examples\FanartTv\album_9ba659df-5814-32f6-b95f-02b738698e7c.json = Response Examples\FanartTv\album_9ba659df-5814-32f6-b95f-02b738698e7c.json
		Response Examples\FanartTv\artist-latest.json = Response Examples\FanartTv\artist-latest.json
		Response Examples\FanartTv\artist_f4a31f0a-51dd-4fa7-986d-3095c40c5ed9t.json = Response Examples\FanartTv\artist_f4a31f0a-51dd-4fa7-986d-3095c40c5ed9t.json
		Response Examples\FanartTv\label_e832b688-546b-45e3-83e5-9f8db5dcde1d.json = Response Examples\FanartTv\label_e832b688-546b-45e3-83e5-9f8db5dcde1d.json
		Response Examples\FanartTv\movie-latest.json = Response Examples\FanartTv\movie-latest.json
		Response Examples\FanartTv\movie_10195.json = Response Examples\FanartTv\movie_10195.json
		Response Examples\FanartTv\show-latest.json = Response Examples\FanartTv\show-latest.json
		Response Examples\FanartTv\show_75682.json = Response Examples\FanartTv\show_75682.json
	EndProjectSection
EndProject
Global
	GlobalSection(SharedMSBuildProjectFiles) = preSolution
		MusicApiCollection.Shared\MusicApiCollection.projitems*{050b2eb9-758b-40a0-bae3-07b0d126e9dc}*SharedItemsImports = 13
		MusicApiCollection.Shared\MusicApiCollection.projitems*{1e888729-bf82-4847-8ba6-b31219a8c7b0}*SharedItemsImports = 4
		MusicApiCollection.Shared\MusicApiCollection.projitems*{3a1a8339-21c7-4606-8f56-5dd4b8d4b2f9}*SharedItemsImports = 4
		MusicApiCollection.Shared\MusicApiCollection.projitems*{6f7db2ac-9035-480b-935c-6f7629446416}*SharedItemsImports = 4
		MusicApiCollection.Shared\MusicApiCollection.projitems*{89dde2fb-7c7a-4ba0-9955-873f700dce2d}*SharedItemsImports = 4
		MusicApiCollection.Shared\MusicApiCollection.projitems*{960771bb-1ad7-4167-a33b-d5740196a7e6}*SharedItemsImports = 4
		MusicApiCollection.Shared\MusicApiCollection.projitems*{b574438f-6397-4053-9311-34bcc7a03909}*SharedItemsImports = 4
		MusicApiCollection.Shared\MusicApiCollection.projitems*{f71fa347-1128-42b3-a0e2-293e7b214ade}*SharedItemsImports = 4
	EndGlobalSection
	GlobalSection(SolutionConfigurationPlatforms) = preSolution
		Debug|Any CPU = Debug|Any CPU
		Debug|ARM = Debug|ARM
		Debug|x64 = Debug|x64
		Debug|x86 = Debug|x86
		Release|Any CPU = Release|Any CPU
		Release|ARM = Release|ARM
		Release|x64 = Release|x64
		Release|x86 = Release|x86
	EndGlobalSection
	GlobalSection(ProjectConfigurationPlatforms) = postSolution
		{960771BB-1AD7-4167-A33B-D5740196A7E6}.Debug|Any CPU.ActiveCfg = Debug|Any CPU
		{960771BB-1AD7-4167-A33B-D5740196A7E6}.Debug|Any CPU.Build.0 = Debug|Any CPU
		{960771BB-1AD7-4167-A33B-D5740196A7E6}.Debug|ARM.ActiveCfg = Debug|Any CPU
		{960771BB-1AD7-4167-A33B-D5740196A7E6}.Debug|ARM.Build.0 = Debug|Any CPU
		{960771BB-1AD7-4167-A33B-D5740196A7E6}.Debug|x64.ActiveCfg = Debug|Any CPU
		{960771BB-1AD7-4167-A33B-D5740196A7E6}.Debug|x64.Build.0 = Debug|Any CPU
		{960771BB-1AD7-4167-A33B-D5740196A7E6}.Debug|x86.ActiveCfg = Debug|Any CPU
		{960771BB-1AD7-4167-A33B-D5740196A7E6}.Debug|x86.Build.0 = Debug|Any CPU
		{960771BB-1AD7-4167-A33B-D5740196A7E6}.Release|Any CPU.ActiveCfg = Release|Any CPU
		{960771BB-1AD7-4167-A33B-D5740196A7E6}.Release|Any CPU.Build.0 = Release|Any CPU
		{960771BB-1AD7-4167-A33B-D5740196A7E6}.Release|ARM.ActiveCfg = Release|Any CPU
		{960771BB-1AD7-4167-A33B-D5740196A7E6}.Release|ARM.Build.0 = Release|Any CPU
		{960771BB-1AD7-4167-A33B-D5740196A7E6}.Release|x64.ActiveCfg = Release|Any CPU
		{960771BB-1AD7-4167-A33B-D5740196A7E6}.Release|x64.Build.0 = Release|Any CPU
		{960771BB-1AD7-4167-A33B-D5740196A7E6}.Release|x86.ActiveCfg = Release|Any CPU
		{960771BB-1AD7-4167-A33B-D5740196A7E6}.Release|x86.Build.0 = Release|Any CPU
		{1E888729-BF82-4847-8BA6-B31219A8C7B0}.Debug|Any CPU.ActiveCfg = Debug|Any CPU
		{1E888729-BF82-4847-8BA6-B31219A8C7B0}.Debug|Any CPU.Build.0 = Debug|Any CPU
		{1E888729-BF82-4847-8BA6-B31219A8C7B0}.Debug|ARM.ActiveCfg = Debug|Any CPU
		{1E888729-BF82-4847-8BA6-B31219A8C7B0}.Debug|ARM.Build.0 = Debug|Any CPU
		{1E888729-BF82-4847-8BA6-B31219A8C7B0}.Debug|x64.ActiveCfg = Debug|Any CPU
		{1E888729-BF82-4847-8BA6-B31219A8C7B0}.Debug|x64.Build.0 = Debug|Any CPU
		{1E888729-BF82-4847-8BA6-B31219A8C7B0}.Debug|x86.ActiveCfg = Debug|Any CPU
		{1E888729-BF82-4847-8BA6-B31219A8C7B0}.Debug|x86.Build.0 = Debug|Any CPU
		{1E888729-BF82-4847-8BA6-B31219A8C7B0}.Release|Any CPU.ActiveCfg = Release|Any CPU
		{1E888729-BF82-4847-8BA6-B31219A8C7B0}.Release|Any CPU.Build.0 = Release|Any CPU
		{1E888729-BF82-4847-8BA6-B31219A8C7B0}.Release|ARM.ActiveCfg = Release|Any CPU
		{1E888729-BF82-4847-8BA6-B31219A8C7B0}.Release|ARM.Build.0 = Release|Any CPU
		{1E888729-BF82-4847-8BA6-B31219A8C7B0}.Release|x64.ActiveCfg = Release|Any CPU
		{1E888729-BF82-4847-8BA6-B31219A8C7B0}.Release|x64.Build.0 = Release|Any CPU
		{1E888729-BF82-4847-8BA6-B31219A8C7B0}.Release|x86.ActiveCfg = Release|Any CPU
		{1E888729-BF82-4847-8BA6-B31219A8C7B0}.Release|x86.Build.0 = Release|Any CPU
		{89DDE2FB-7C7A-4BA0-9955-873F700DCE2D}.Debug|Any CPU.ActiveCfg = Debug|Any CPU
		{89DDE2FB-7C7A-4BA0-9955-873F700DCE2D}.Debug|Any CPU.Build.0 = Debug|Any CPU
		{89DDE2FB-7C7A-4BA0-9955-873F700DCE2D}.Debug|ARM.ActiveCfg = Debug|Any CPU
		{89DDE2FB-7C7A-4BA0-9955-873F700DCE2D}.Debug|ARM.Build.0 = Debug|Any CPU
		{89DDE2FB-7C7A-4BA0-9955-873F700DCE2D}.Debug|x64.ActiveCfg = Debug|Any CPU
		{89DDE2FB-7C7A-4BA0-9955-873F700DCE2D}.Debug|x64.Build.0 = Debug|Any CPU
		{89DDE2FB-7C7A-4BA0-9955-873F700DCE2D}.Debug|x86.ActiveCfg = Debug|Any CPU
		{89DDE2FB-7C7A-4BA0-9955-873F700DCE2D}.Debug|x86.Build.0 = Debug|Any CPU
		{89DDE2FB-7C7A-4BA0-9955-873F700DCE2D}.Release|Any CPU.ActiveCfg = Release|Any CPU
		{89DDE2FB-7C7A-4BA0-9955-873F700DCE2D}.Release|Any CPU.Build.0 = Release|Any CPU
		{89DDE2FB-7C7A-4BA0-9955-873F700DCE2D}.Release|ARM.ActiveCfg = Release|Any CPU
		{89DDE2FB-7C7A-4BA0-9955-873F700DCE2D}.Release|ARM.Build.0 = Release|Any CPU
		{89DDE2FB-7C7A-4BA0-9955-873F700DCE2D}.Release|x64.ActiveCfg = Release|Any CPU
		{89DDE2FB-7C7A-4BA0-9955-873F700DCE2D}.Release|x64.Build.0 = Release|Any CPU
		{89DDE2FB-7C7A-4BA0-9955-873F700DCE2D}.Release|x86.ActiveCfg = Release|Any CPU
		{89DDE2FB-7C7A-4BA0-9955-873F700DCE2D}.Release|x86.Build.0 = Release|Any CPU
		{3A1A8339-21C7-4606-8F56-5DD4B8D4B2F9}.Debug|Any CPU.ActiveCfg = Debug|Any CPU
		{3A1A8339-21C7-4606-8F56-5DD4B8D4B2F9}.Debug|Any CPU.Build.0 = Debug|Any CPU
		{3A1A8339-21C7-4606-8F56-5DD4B8D4B2F9}.Debug|ARM.ActiveCfg = Debug|Any CPU
		{3A1A8339-21C7-4606-8F56-5DD4B8D4B2F9}.Debug|ARM.Build.0 = Debug|Any CPU
		{3A1A8339-21C7-4606-8F56-5DD4B8D4B2F9}.Debug|x64.ActiveCfg = Debug|Any CPU
		{3A1A8339-21C7-4606-8F56-5DD4B8D4B2F9}.Debug|x64.Build.0 = Debug|Any CPU
		{3A1A8339-21C7-4606-8F56-5DD4B8D4B2F9}.Debug|x86.ActiveCfg = Debug|Any CPU
		{3A1A8339-21C7-4606-8F56-5DD4B8D4B2F9}.Debug|x86.Build.0 = Debug|Any CPU
		{3A1A8339-21C7-4606-8F56-5DD4B8D4B2F9}.Release|Any CPU.ActiveCfg = Release|Any CPU
		{3A1A8339-21C7-4606-8F56-5DD4B8D4B2F9}.Release|Any CPU.Build.0 = Release|Any CPU
		{3A1A8339-21C7-4606-8F56-5DD4B8D4B2F9}.Release|ARM.ActiveCfg = Release|Any CPU
		{3A1A8339-21C7-4606-8F56-5DD4B8D4B2F9}.Release|ARM.Build.0 = Release|Any CPU
		{3A1A8339-21C7-4606-8F56-5DD4B8D4B2F9}.Release|x64.ActiveCfg = Release|Any CPU
		{3A1A8339-21C7-4606-8F56-5DD4B8D4B2F9}.Release|x64.Build.0 = Release|Any CPU
		{3A1A8339-21C7-4606-8F56-5DD4B8D4B2F9}.Release|x86.ActiveCfg = Release|Any CPU
		{3A1A8339-21C7-4606-8F56-5DD4B8D4B2F9}.Release|x86.Build.0 = Release|Any CPU
		{B574438F-6397-4053-9311-34BCC7A03909}.Debug|Any CPU.ActiveCfg = Debug|Any CPU
		{B574438F-6397-4053-9311-34BCC7A03909}.Debug|Any CPU.Build.0 = Debug|Any CPU
		{B574438F-6397-4053-9311-34BCC7A03909}.Debug|ARM.ActiveCfg = Debug|Any CPU
		{B574438F-6397-4053-9311-34BCC7A03909}.Debug|ARM.Build.0 = Debug|Any CPU
		{B574438F-6397-4053-9311-34BCC7A03909}.Debug|x64.ActiveCfg = Debug|Any CPU
		{B574438F-6397-4053-9311-34BCC7A03909}.Debug|x64.Build.0 = Debug|Any CPU
		{B574438F-6397-4053-9311-34BCC7A03909}.Debug|x86.ActiveCfg = Debug|Any CPU
		{B574438F-6397-4053-9311-34BCC7A03909}.Debug|x86.Build.0 = Debug|Any CPU
		{B574438F-6397-4053-9311-34BCC7A03909}.Release|Any CPU.ActiveCfg = Release|Any CPU
		{B574438F-6397-4053-9311-34BCC7A03909}.Release|Any CPU.Build.0 = Release|Any CPU
		{B574438F-6397-4053-9311-34BCC7A03909}.Release|ARM.ActiveCfg = Release|Any CPU
		{B574438F-6397-4053-9311-34BCC7A03909}.Release|ARM.Build.0 = Release|Any CPU
		{B574438F-6397-4053-9311-34BCC7A03909}.Release|x64.ActiveCfg = Release|Any CPU
		{B574438F-6397-4053-9311-34BCC7A03909}.Release|x64.Build.0 = Release|Any CPU
		{B574438F-6397-4053-9311-34BCC7A03909}.Release|x86.ActiveCfg = Release|Any CPU
		{B574438F-6397-4053-9311-34BCC7A03909}.Release|x86.Build.0 = Release|Any CPU
		{6F7DB2AC-9035-480B-935C-6F7629446416}.Debug|Any CPU.ActiveCfg = Debug|Any CPU
		{6F7DB2AC-9035-480B-935C-6F7629446416}.Debug|Any CPU.Build.0 = Debug|Any CPU
		{6F7DB2AC-9035-480B-935C-6F7629446416}.Debug|ARM.ActiveCfg = Debug|Any CPU
		{6F7DB2AC-9035-480B-935C-6F7629446416}.Debug|ARM.Build.0 = Debug|Any CPU
		{6F7DB2AC-9035-480B-935C-6F7629446416}.Debug|x64.ActiveCfg = Debug|Any CPU
		{6F7DB2AC-9035-480B-935C-6F7629446416}.Debug|x64.Build.0 = Debug|Any CPU
		{6F7DB2AC-9035-480B-935C-6F7629446416}.Debug|x86.ActiveCfg = Debug|Any CPU
		{6F7DB2AC-9035-480B-935C-6F7629446416}.Debug|x86.Build.0 = Debug|Any CPU
		{6F7DB2AC-9035-480B-935C-6F7629446416}.Release|Any CPU.ActiveCfg = Release|Any CPU
		{6F7DB2AC-9035-480B-935C-6F7629446416}.Release|Any CPU.Build.0 = Release|Any CPU
		{6F7DB2AC-9035-480B-935C-6F7629446416}.Release|ARM.ActiveCfg = Release|Any CPU
		{6F7DB2AC-9035-480B-935C-6F7629446416}.Release|ARM.Build.0 = Release|Any CPU
		{6F7DB2AC-9035-480B-935C-6F7629446416}.Release|x64.ActiveCfg = Release|Any CPU
		{6F7DB2AC-9035-480B-935C-6F7629446416}.Release|x64.Build.0 = Release|Any CPU
		{6F7DB2AC-9035-480B-935C-6F7629446416}.Release|x86.ActiveCfg = Release|Any CPU
		{6F7DB2AC-9035-480B-935C-6F7629446416}.Release|x86.Build.0 = Release|Any CPU
		{F71FA347-1128-42B3-A0E2-293E7B214ADE}.Debug|Any CPU.ActiveCfg = Debug|Any CPU
		{F71FA347-1128-42B3-A0E2-293E7B214ADE}.Debug|Any CPU.Build.0 = Debug|Any CPU
		{F71FA347-1128-42B3-A0E2-293E7B214ADE}.Debug|ARM.ActiveCfg = Debug|Any CPU
		{F71FA347-1128-42B3-A0E2-293E7B214ADE}.Debug|ARM.Build.0 = Debug|Any CPU
		{F71FA347-1128-42B3-A0E2-293E7B214ADE}.Debug|x64.ActiveCfg = Debug|Any CPU
		{F71FA347-1128-42B3-A0E2-293E7B214ADE}.Debug|x64.Build.0 = Debug|Any CPU
		{F71FA347-1128-42B3-A0E2-293E7B214ADE}.Debug|x86.ActiveCfg = Debug|Any CPU
		{F71FA347-1128-42B3-A0E2-293E7B214ADE}.Debug|x86.Build.0 = Debug|Any CPU
		{F71FA347-1128-42B3-A0E2-293E7B214ADE}.Release|Any CPU.ActiveCfg = Release|Any CPU
		{F71FA347-1128-42B3-A0E2-293E7B214ADE}.Release|Any CPU.Build.0 = Release|Any CPU
		{F71FA347-1128-42B3-A0E2-293E7B214ADE}.Release|ARM.ActiveCfg = Release|Any CPU
		{F71FA347-1128-42B3-A0E2-293E7B214ADE}.Release|ARM.Build.0 = Release|Any CPU
		{F71FA347-1128-42B3-A0E2-293E7B214ADE}.Release|x64.ActiveCfg = Release|Any CPU
		{F71FA347-1128-42B3-A0E2-293E7B214ADE}.Release|x64.Build.0 = Release|Any CPU
		{F71FA347-1128-42B3-A0E2-293E7B214ADE}.Release|x86.ActiveCfg = Release|Any CPU
		{F71FA347-1128-42B3-A0E2-293E7B214ADE}.Release|x86.Build.0 = Release|Any CPU
		{ADB250BE-F8FB-400B-A66A-32E04512C3AB}.Debug|Any CPU.ActiveCfg = Debug|Any CPU
		{ADB250BE-F8FB-400B-A66A-32E04512C3AB}.Debug|Any CPU.Build.0 = Debug|Any CPU
		{ADB250BE-F8FB-400B-A66A-32E04512C3AB}.Debug|ARM.ActiveCfg = Debug|Any CPU
		{ADB250BE-F8FB-400B-A66A-32E04512C3AB}.Debug|x64.ActiveCfg = Debug|Any CPU
		{ADB250BE-F8FB-400B-A66A-32E04512C3AB}.Debug|x86.ActiveCfg = Debug|Any CPU
		{ADB250BE-F8FB-400B-A66A-32E04512C3AB}.Release|Any CPU.ActiveCfg = Release|Any CPU
		{ADB250BE-F8FB-400B-A66A-32E04512C3AB}.Release|Any CPU.Build.0 = Release|Any CPU
		{ADB250BE-F8FB-400B-A66A-32E04512C3AB}.Release|ARM.ActiveCfg = Release|Any CPU
		{ADB250BE-F8FB-400B-A66A-32E04512C3AB}.Release|x64.ActiveCfg = Release|Any CPU
		{ADB250BE-F8FB-400B-A66A-32E04512C3AB}.Release|x86.ActiveCfg = Release|Any CPU
		{AA88CBDC-92E4-46E5-8836-5288AA047574}.Debug|Any CPU.ActiveCfg = Debug|Any CPU
		{AA88CBDC-92E4-46E5-8836-5288AA047574}.Debug|Any CPU.Build.0 = Debug|Any CPU
		{AA88CBDC-92E4-46E5-8836-5288AA047574}.Debug|ARM.ActiveCfg = Debug|Any CPU
		{AA88CBDC-92E4-46E5-8836-5288AA047574}.Debug|ARM.Build.0 = Debug|Any CPU
		{AA88CBDC-92E4-46E5-8836-5288AA047574}.Debug|x64.ActiveCfg = Debug|Any CPU
		{AA88CBDC-92E4-46E5-8836-5288AA047574}.Debug|x64.Build.0 = Debug|Any CPU
		{AA88CBDC-92E4-46E5-8836-5288AA047574}.Debug|x86.ActiveCfg = Debug|Any CPU
		{AA88CBDC-92E4-46E5-8836-5288AA047574}.Debug|x86.Build.0 = Debug|Any CPU
		{AA88CBDC-92E4-46E5-8836-5288AA047574}.Release|Any CPU.ActiveCfg = Release|Any CPU
		{AA88CBDC-92E4-46E5-8836-5288AA047574}.Release|Any CPU.Build.0 = Release|Any CPU
		{AA88CBDC-92E4-46E5-8836-5288AA047574}.Release|ARM.ActiveCfg = Release|Any CPU
		{AA88CBDC-92E4-46E5-8836-5288AA047574}.Release|ARM.Build.0 = Release|Any CPU
		{AA88CBDC-92E4-46E5-8836-5288AA047574}.Release|x64.ActiveCfg = Release|Any CPU
		{AA88CBDC-92E4-46E5-8836-5288AA047574}.Release|x64.Build.0 = Release|Any CPU
		{AA88CBDC-92E4-46E5-8836-5288AA047574}.Release|x86.ActiveCfg = Release|Any CPU
		{AA88CBDC-92E4-46E5-8836-5288AA047574}.Release|x86.Build.0 = Release|Any CPU
		{9767662C-243B-4E17-B692-9059CD9E4E86}.Debug|Any CPU.ActiveCfg = Debug|Any CPU
		{9767662C-243B-4E17-B692-9059CD9E4E86}.Debug|Any CPU.Build.0 = Debug|Any CPU
		{9767662C-243B-4E17-B692-9059CD9E4E86}.Debug|ARM.ActiveCfg = Debug|Any CPU
		{9767662C-243B-4E17-B692-9059CD9E4E86}.Debug|ARM.Build.0 = Debug|Any CPU
		{9767662C-243B-4E17-B692-9059CD9E4E86}.Debug|x64.ActiveCfg = Debug|Any CPU
		{9767662C-243B-4E17-B692-9059CD9E4E86}.Debug|x64.Build.0 = Debug|Any CPU
		{9767662C-243B-4E17-B692-9059CD9E4E86}.Debug|x86.ActiveCfg = Debug|Any CPU
		{9767662C-243B-4E17-B692-9059CD9E4E86}.Debug|x86.Build.0 = Debug|Any CPU
		{9767662C-243B-4E17-B692-9059CD9E4E86}.Release|Any CPU.ActiveCfg = Release|Any CPU
		{9767662C-243B-4E17-B692-9059CD9E4E86}.Release|Any CPU.Build.0 = Release|Any CPU
		{9767662C-243B-4E17-B692-9059CD9E4E86}.Release|ARM.ActiveCfg = Release|Any CPU
		{9767662C-243B-4E17-B692-9059CD9E4E86}.Release|ARM.Build.0 = Release|Any CPU
		{9767662C-243B-4E17-B692-9059CD9E4E86}.Release|x64.ActiveCfg = Release|Any CPU
		{9767662C-243B-4E17-B692-9059CD9E4E86}.Release|x64.Build.0 = Release|Any CPU
		{9767662C-243B-4E17-B692-9059CD9E4E86}.Release|x86.ActiveCfg = Release|Any CPU
		{9767662C-243B-4E17-B692-9059CD9E4E86}.Release|x86.Build.0 = Release|Any CPU
		{64EEF7E3-4AA0-4C4D-8F44-288451165E19}.Debug|Any CPU.ActiveCfg = Debug|Any CPU
		{64EEF7E3-4AA0-4C4D-8F44-288451165E19}.Debug|Any CPU.Build.0 = Debug|Any CPU
		{64EEF7E3-4AA0-4C4D-8F44-288451165E19}.Debug|ARM.ActiveCfg = Debug|Any CPU
		{64EEF7E3-4AA0-4C4D-8F44-288451165E19}.Debug|ARM.Build.0 = Debug|Any CPU
		{64EEF7E3-4AA0-4C4D-8F44-288451165E19}.Debug|x64.ActiveCfg = Debug|Any CPU
		{64EEF7E3-4AA0-4C4D-8F44-288451165E19}.Debug|x64.Build.0 = Debug|Any CPU
		{64EEF7E3-4AA0-4C4D-8F44-288451165E19}.Debug|x86.ActiveCfg = Debug|Any CPU
		{64EEF7E3-4AA0-4C4D-8F44-288451165E19}.Debug|x86.Build.0 = Debug|Any CPU
		{64EEF7E3-4AA0-4C4D-8F44-288451165E19}.Release|Any CPU.ActiveCfg = Release|Any CPU
		{64EEF7E3-4AA0-4C4D-8F44-288451165E19}.Release|Any CPU.Build.0 = Release|Any CPU
		{64EEF7E3-4AA0-4C4D-8F44-288451165E19}.Release|ARM.ActiveCfg = Release|Any CPU
		{64EEF7E3-4AA0-4C4D-8F44-288451165E19}.Release|ARM.Build.0 = Release|Any CPU
		{64EEF7E3-4AA0-4C4D-8F44-288451165E19}.Release|x64.ActiveCfg = Release|Any CPU
		{64EEF7E3-4AA0-4C4D-8F44-288451165E19}.Release|x64.Build.0 = Release|Any CPU
		{64EEF7E3-4AA0-4C4D-8F44-288451165E19}.Release|x86.ActiveCfg = Release|Any CPU
		{64EEF7E3-4AA0-4C4D-8F44-288451165E19}.Release|x86.Build.0 = Release|Any CPU
	EndGlobalSection
	GlobalSection(SolutionProperties) = preSolution
		HideSolutionNode = FALSE
	EndGlobalSection
	GlobalSection(NestedProjects) = preSolution
		{6743C1F9-84A5-4572-B6BD-D42421B2A67A} = {4CFEE54A-C7C1-41E5-A137-8FB908B17F4C}
		{40719194-31EB-49D6-BA61-F2D5EBC0B1E9} = {4CFEE54A-C7C1-41E5-A137-8FB908B17F4C}
		{902CE409-5138-4B52-A421-ABF8AC828E0B} = {4CFEE54A-C7C1-41E5-A137-8FB908B17F4C}
		{FA27F839-9DDF-405A-BA6F-A532C2387D77} = {4CFEE54A-C7C1-41E5-A137-8FB908B17F4C}
		{D14AA78E-6135-4F3F-93BE-896B0CB51E20} = {4CFEE54A-C7C1-41E5-A137-8FB908B17F4C}
		{FCCE92FD-7F9A-4CDE-A141-0009FB36B34E} = {4CFEE54A-C7C1-41E5-A137-8FB908B17F4C}
		{A9272430-09DA-402A-A456-9277D842B302} = {4CFEE54A-C7C1-41E5-A137-8FB908B17F4C}
		{960771BB-1AD7-4167-A33B-D5740196A7E6} = {BF24BF5A-3D52-4D64-9600-9CDEF3023BC1}
		{1E888729-BF82-4847-8BA6-B31219A8C7B0} = {1D540ED8-500D-49FB-B30A-CF008FC181E5}
		{89DDE2FB-7C7A-4BA0-9955-873F700DCE2D} = {0BB9C9D1-F4DF-4A86-9CBE-DE6866CEB6C3}
		{3A1A8339-21C7-4606-8F56-5DD4B8D4B2F9} = {3ED48FA9-63F1-4274-BF4C-EAC80814D8C1}
		{050B2EB9-758B-40A0-BAE3-07B0D126E9DC} = {E25FEDA5-0978-47E0-9BB7-651EADF3545F}
		{B574438F-6397-4053-9311-34BCC7A03909} = {AC13A0C0-0C1B-47BD-857B-B1395AFB7EF1}
		{6F7DB2AC-9035-480B-935C-6F7629446416} = {0C62954E-7F36-4EFC-BEC3-4CDDC17280A9}
		{F71FA347-1128-42B3-A0E2-293E7B214ADE} = {E479CF6F-9B10-46F1-80F0-12F31B562C2B}
		{ADB250BE-F8FB-400B-A66A-32E04512C3AB} = {2566DE7F-BA31-4834-AB56-BE29E4765F71}
		{AA88CBDC-92E4-46E5-8836-5288AA047574} = {6743C1F9-84A5-4572-B6BD-D42421B2A67A}
		{11A62122-E519-4B70-9D78-AA9194A1B3FD} = {EA7B90E3-8EF4-4F05-83C9-2B616E30C708}
		{EA7B90E3-8EF4-4F05-83C9-2B616E30C708} = {A5091875-37D9-4198-8A6F-97C516F488DF}
		{DBCF537D-6B45-498A-9DFB-C24D11426B33} = {11A62122-E519-4B70-9D78-AA9194A1B3FD}
		{8874CF69-3580-4C18-80BC-E066585AD577} = {11A62122-E519-4B70-9D78-AA9194A1B3FD}
		{9B4CD95F-C200-4114-B6B3-49DF17313AEC} = {A5091875-37D9-4198-8A6F-97C516F488DF}
		{9767662C-243B-4E17-B692-9059CD9E4E86} = {A5091875-37D9-4198-8A6F-97C516F488DF}
		{EB6309AE-9932-4C27-A64A-743CE77D0C7D} = {56CF9B48-D14A-486E-A8B3-79E47E6700EB}
	EndGlobalSection
	GlobalSection(ExtensibilityGlobals) = postSolution
		SolutionGuid = {09C9DF35-5BD4-4DCE-8EBF-8BBE9B179E3D}
	EndGlobalSection
EndGlobal
