
Microsoft Visual Studio Solution File, Format Version 12.00
# Visual Studio 14
VisualStudioVersion = 14.0.24720.0
MinimumVisualStudioVersion = 10.0.40219.1
Project("{2150E333-8FDC-42A3-9474-1A3956D46DE8}") = "Test GUIs", "Test GUIs", "{4CFEE54A-C7C1-41E5-A137-8FB908B17F4C}"
EndProject
Project("{2150E333-8FDC-42A3-9474-1A3956D46DE8}") = "Net 4.6.1", "Net 4.6.1", "{6743C1F9-84A5-4572-B6BD-D42421B2A67A}"
EndProject
Project("{FAE04EC0-301F-11D3-BF4B-00C04F79EFBC}") = "WinFormsGUI", "GUIs\Net 4.6.1\WinFormsGUI.csproj", "{5DB653DF-B64B-4127-B8CE-3D2ADFB754FD}"
EndProject
Project("{2150E333-8FDC-42A3-9474-1A3956D46DE8}") = "MusicApiCollection.Net 4.6.1", "MusicApiCollection.Net 4.6.1", "{0BB9C9D1-F4DF-4A86-9CBE-DE6866CEB6C3}"
EndProject
Project("{2150E333-8FDC-42A3-9474-1A3956D46DE8}") = "MusicApiCollection.Portable", "MusicApiCollection.Portable", "{3ED48FA9-63F1-4274-BF4C-EAC80814D8C1}"
EndProject
Project("{2150E333-8FDC-42A3-9474-1A3956D46DE8}") = "MusicApiCollection.Shared", "MusicApiCollection.Shared", "{E25FEDA5-0978-47E0-9BB7-651EADF3545F}"
EndProject
Project("{2150E333-8FDC-42A3-9474-1A3956D46DE8}") = "MusicApiCollection.Net 4.0", "MusicApiCollection.Net 4.0", "{BF24BF5A-3D52-4D64-9600-9CDEF3023BC1}"
EndProject
Project("{2150E333-8FDC-42A3-9474-1A3956D46DE8}") = "MusicApiCollection.Net 4.0 CP", "MusicApiCollection.Net 4.0 CP", "{1D540ED8-500D-49FB-B30A-CF008FC181E5}"
EndProject
Project("{2150E333-8FDC-42A3-9474-1A3956D46DE8}") = "MusicApiCollection.Net 4.5", "MusicApiCollection.Net 4.5", "{AC13A0C0-0C1B-47BD-857B-B1395AFB7EF1}"
EndProject
Project("{2150E333-8FDC-42A3-9474-1A3956D46DE8}") = "MusicApiCollection.Net 4.5.1", "MusicApiCollection.Net 4.5.1", "{0C62954E-7F36-4EFC-BEC3-4CDDC17280A9}"
EndProject
Project("{2150E333-8FDC-42A3-9474-1A3956D46DE8}") = "MusicApiCollection.Net 4.5.2", "MusicApiCollection.Net 4.5.2", "{E479CF6F-9B10-46F1-80F0-12F31B562C2B}"
EndProject
Project("{FAE04EC0-301F-11D3-BF4B-00C04F79EFBC}") = "MusicApiCollection", "MusicApiCollection.Net 4.0\MusicApiCollection.csproj", "{960771BB-1AD7-4167-A33B-D5740196A7E6}"
EndProject
Project("{FAE04EC0-301F-11D3-BF4B-00C04F79EFBC}") = "MusicApiCollection", "MusicApiCollection.Net 4.0 CP\MusicApiCollection.csproj", "{1E888729-BF82-4847-8BA6-B31219A8C7B0}"
EndProject
Project("{FAE04EC0-301F-11D3-BF4B-00C04F79EFBC}") = "MusicApiCollection", "MusicApiCollection.Net 4.6.1\MusicApiCollection.csproj", "{89DDE2FB-7C7A-4BA0-9955-873F700DCE2D}"
EndProject
Project("{FAE04EC0-301F-11D3-BF4B-00C04F79EFBC}") = "MusicApiCollection", "MusicApiCollection.Portable\MusicApiCollection.csproj", "{3A1A8339-21C7-4606-8F56-5DD4B8D4B2F9}"
EndProject
Project("{D954291E-2A0B-460D-934E-DC6B0785DB48}") = "MusicApiCollection", "MusicApiCollection.Shared\MusicApiCollection.shproj", "{050B2EB9-758B-40A0-BAE3-07B0D126E9DC}"
EndProject
Project("{FAE04EC0-301F-11D3-BF4B-00C04F79EFBC}") = "MusicApiCollection", "MusicApiCollection.Net 4.5\MusicApiCollection.csproj", "{B574438F-6397-4053-9311-34BCC7A03909}"
EndProject
Project("{FAE04EC0-301F-11D3-BF4B-00C04F79EFBC}") = "MusicApiCollection", "MusicApiCollection.Net 4.5.1\MusicApiCollection.csproj", "{6F7DB2AC-9035-480B-935C-6F7629446416}"
EndProject
Project("{FAE04EC0-301F-11D3-BF4B-00C04F79EFBC}") = "MusicApiCollection", "MusicApiCollection.Net 4.5.2\MusicApiCollection.csproj", "{F71FA347-1128-42B3-A0E2-293E7B214ADE}"
EndProject
Project("{8BB2217D-0F2D-49D1-97BC-3654ED321F3B}") = "MusicApiCollection", "MusicApiCollection.Net Core\MusicApiCollection.xproj", "{ADB250BE-F8FB-400B-A66A-32E04512C3AB}"
EndProject
Project("{2150E333-8FDC-42A3-9474-1A3956D46DE8}") = "MusicApiCollection.Net Core", "MusicApiCollection.Net Core", "{2566DE7F-BA31-4834-AB56-BE29E4765F71}"
EndProject
Project("{2150E333-8FDC-42A3-9474-1A3956D46DE8}") = "Solution Items", "Solution Items", "{C3C333C0-098B-48FD-A82C-582C0FACB8DB}"
	ProjectSection(SolutionItems) = preProject
		.gitattributes = .gitattributes
		.gitignore = .gitignore
		LICENSE = LICENSE
		README.md = README.md
	EndProjectSection
EndProject
Project("{2150E333-8FDC-42A3-9474-1A3956D46DE8}") = "nuget", "nuget", "{5B5594D6-1502-4289-A3C6-5FEEB189A5C6}"
EndProject
Project("{FAE04EC0-301F-11D3-BF4B-00C04F79EFBC}") = "NuGet.Packager", "nuget\NuGet.Packager.csproj", "{0451BAEF-DF2E-4B98-8644-94EE9415E389}"
EndProject
Project("{2150E333-8FDC-42A3-9474-1A3956D46DE8}") = "Net 4.0", "Net 4.0", "{40719194-31EB-49D6-BA61-F2D5EBC0B1E9}"
EndProject
Project("{FAE04EC0-301F-11D3-BF4B-00C04F79EFBC}") = "Net4.0", "GUIs\Net 4.0\Net4.0\Net4.0.csproj", "{81A91BB9-DD34-40F6-AE95-133D4CD01AB3}"
EndProject
Project("{2150E333-8FDC-42A3-9474-1A3956D46DE8}") = "Net 4 Client", "Net 4 Client", "{902CE409-5138-4B52-A421-ABF8AC828E0B}"
EndProject
Project("{FAE04EC0-301F-11D3-BF4B-00C04F79EFBC}") = "Net4_Client", "GUIs\Net 4 Client\Net4_Client\Net4_Client.csproj", "{A9FA58BE-1764-4686-8FC0-B316CEAB5410}"
EndProject
Project("{2150E333-8FDC-42A3-9474-1A3956D46DE8}") = "Net 4.5", "Net 4.5", "{FA27F839-9DDF-405A-BA6F-A532C2387D77}"
EndProject
Project("{FAE04EC0-301F-11D3-BF4B-00C04F79EFBC}") = "Net4.5", "GUIs\Net 4.5\Net4.5\Net4.5.csproj", "{434CCBB5-622A-4510-A743-DD39E545FEE4}"
EndProject
Project("{2150E333-8FDC-42A3-9474-1A3956D46DE8}") = "Net 4.5.1", "Net 4.5.1", "{D14AA78E-6135-4F3F-93BE-896B0CB51E20}"
EndProject
Project("{FAE04EC0-301F-11D3-BF4B-00C04F79EFBC}") = "Net4.5.1", "GUIs\Net 4.5.1\Net4.5.1\Net4.5.1.csproj", "{02F1F465-FB85-4367-A896-ABFD22893DC6}"
EndProject
Project("{2150E333-8FDC-42A3-9474-1A3956D46DE8}") = "Net 4.5.2", "Net 4.5.2", "{FCCE92FD-7F9A-4CDE-A141-0009FB36B34E}"
EndProject
Project("{FAE04EC0-301F-11D3-BF4B-00C04F79EFBC}") = "Net4.5.2", "GUIs\Net 4.5.2\Net4.5.2\Net4.5.2.csproj", "{5352AEC1-2DC9-41BB-9DDC-DC04CFFABC6D}"
EndProject
Project("{2150E333-8FDC-42A3-9474-1A3956D46DE8}") = "Portable", "Portable", "{A9272430-09DA-402A-A456-9277D842B302}"
EndProject
Project("{FAE04EC0-301F-11D3-BF4B-00C04F79EFBC}") = "UniWinApp", "GUIs\Uni Win App\UniWinApp\UniWinApp.csproj", "{BFF4C54E-D14E-4DF0-9287-FE07443642E6}"
EndProject
Project("{FAE04EC0-301F-11D3-BF4B-00C04F79EFBC}") = "AndroidBlankApp", "GUIs\AndroidBlankApp\AndroidBlankApp\AndroidBlankApp.csproj", "{50F289F3-8C64-47B3-B586-B261CD6208EB}"
EndProject
Global
	GlobalSection(SharedMSBuildProjectFiles) = preSolution
		MusicApiCollection.Shared\MusicApiCollection.projitems*{6f7db2ac-9035-480b-935c-6f7629446416}*SharedItemsImports = 4
		MusicApiCollection.Shared\MusicApiCollection.projitems*{f71fa347-1128-42b3-a0e2-293e7b214ade}*SharedItemsImports = 4
		MusicApiCollection.Shared\MusicApiCollection.projitems*{b574438f-6397-4053-9311-34bcc7a03909}*SharedItemsImports = 4
		MusicApiCollection.Shared\MusicApiCollection.projitems*{1e888729-bf82-4847-8ba6-b31219a8c7b0}*SharedItemsImports = 4
		MusicApiCollection.Shared\MusicApiCollection.projitems*{3a1a8339-21c7-4606-8f56-5dd4b8d4b2f9}*SharedItemsImports = 4
		MusicApiCollection.Shared\MusicApiCollection.projitems*{960771bb-1ad7-4167-a33b-d5740196a7e6}*SharedItemsImports = 4
		MusicApiCollection.Shared\MusicApiCollection.projitems*{89dde2fb-7c7a-4ba0-9955-873f700dce2d}*SharedItemsImports = 4
		MusicApiCollection.Shared\MusicApiCollection.projitems*{050b2eb9-758b-40a0-bae3-07b0d126e9dc}*SharedItemsImports = 13
	EndGlobalSection
	GlobalSection(SolutionConfigurationPlatforms) = preSolution
		Debug|Any CPU = Debug|Any CPU
		Debug|ARM = Debug|ARM
		Debug|x64 = Debug|x64
		Debug|x86 = Debug|x86
		Release|Any CPU = Release|Any CPU
		Release|ARM = Release|ARM
		Release|x64 = Release|x64
		Release|x86 = Release|x86
	EndGlobalSection
	GlobalSection(ProjectConfigurationPlatforms) = postSolution
		{5DB653DF-B64B-4127-B8CE-3D2ADFB754FD}.Debug|Any CPU.ActiveCfg = Debug|Any CPU
		{5DB653DF-B64B-4127-B8CE-3D2ADFB754FD}.Debug|Any CPU.Build.0 = Debug|Any CPU
		{5DB653DF-B64B-4127-B8CE-3D2ADFB754FD}.Debug|ARM.ActiveCfg = Debug|Any CPU
		{5DB653DF-B64B-4127-B8CE-3D2ADFB754FD}.Debug|ARM.Build.0 = Debug|Any CPU
		{5DB653DF-B64B-4127-B8CE-3D2ADFB754FD}.Debug|x64.ActiveCfg = Debug|Any CPU
		{5DB653DF-B64B-4127-B8CE-3D2ADFB754FD}.Debug|x64.Build.0 = Debug|Any CPU
		{5DB653DF-B64B-4127-B8CE-3D2ADFB754FD}.Debug|x86.ActiveCfg = Debug|Any CPU
		{5DB653DF-B64B-4127-B8CE-3D2ADFB754FD}.Debug|x86.Build.0 = Debug|Any CPU
		{5DB653DF-B64B-4127-B8CE-3D2ADFB754FD}.Release|Any CPU.ActiveCfg = Release|Any CPU
		{5DB653DF-B64B-4127-B8CE-3D2ADFB754FD}.Release|Any CPU.Build.0 = Release|Any CPU
		{5DB653DF-B64B-4127-B8CE-3D2ADFB754FD}.Release|ARM.ActiveCfg = Release|Any CPU
		{5DB653DF-B64B-4127-B8CE-3D2ADFB754FD}.Release|ARM.Build.0 = Release|Any CPU
		{5DB653DF-B64B-4127-B8CE-3D2ADFB754FD}.Release|x64.ActiveCfg = Release|Any CPU
		{5DB653DF-B64B-4127-B8CE-3D2ADFB754FD}.Release|x64.Build.0 = Release|Any CPU
		{5DB653DF-B64B-4127-B8CE-3D2ADFB754FD}.Release|x86.ActiveCfg = Release|Any CPU
		{5DB653DF-B64B-4127-B8CE-3D2ADFB754FD}.Release|x86.Build.0 = Release|Any CPU
		{960771BB-1AD7-4167-A33B-D5740196A7E6}.Debug|Any CPU.ActiveCfg = Debug|Any CPU
		{960771BB-1AD7-4167-A33B-D5740196A7E6}.Debug|Any CPU.Build.0 = Debug|Any CPU
		{960771BB-1AD7-4167-A33B-D5740196A7E6}.Debug|ARM.ActiveCfg = Debug|Any CPU
		{960771BB-1AD7-4167-A33B-D5740196A7E6}.Debug|ARM.Build.0 = Debug|Any CPU
		{960771BB-1AD7-4167-A33B-D5740196A7E6}.Debug|x64.ActiveCfg = Debug|Any CPU
		{960771BB-1AD7-4167-A33B-D5740196A7E6}.Debug|x64.Build.0 = Debug|Any CPU
		{960771BB-1AD7-4167-A33B-D5740196A7E6}.Debug|x86.ActiveCfg = Debug|Any CPU
		{960771BB-1AD7-4167-A33B-D5740196A7E6}.Debug|x86.Build.0 = Debug|Any CPU
		{960771BB-1AD7-4167-A33B-D5740196A7E6}.Release|Any CPU.ActiveCfg = Release|Any CPU
		{960771BB-1AD7-4167-A33B-D5740196A7E6}.Release|Any CPU.Build.0 = Release|Any CPU
		{960771BB-1AD7-4167-A33B-D5740196A7E6}.Release|ARM.ActiveCfg = Release|Any CPU
		{960771BB-1AD7-4167-A33B-D5740196A7E6}.Release|ARM.Build.0 = Release|Any CPU
		{960771BB-1AD7-4167-A33B-D5740196A7E6}.Release|x64.ActiveCfg = Release|Any CPU
		{960771BB-1AD7-4167-A33B-D5740196A7E6}.Release|x64.Build.0 = Release|Any CPU
		{960771BB-1AD7-4167-A33B-D5740196A7E6}.Release|x86.ActiveCfg = Release|Any CPU
		{960771BB-1AD7-4167-A33B-D5740196A7E6}.Release|x86.Build.0 = Release|Any CPU
		{1E888729-BF82-4847-8BA6-B31219A8C7B0}.Debug|Any CPU.ActiveCfg = Debug|Any CPU
		{1E888729-BF82-4847-8BA6-B31219A8C7B0}.Debug|Any CPU.Build.0 = Debug|Any CPU
		{1E888729-BF82-4847-8BA6-B31219A8C7B0}.Debug|ARM.ActiveCfg = Debug|Any CPU
		{1E888729-BF82-4847-8BA6-B31219A8C7B0}.Debug|ARM.Build.0 = Debug|Any CPU
		{1E888729-BF82-4847-8BA6-B31219A8C7B0}.Debug|x64.ActiveCfg = Debug|Any CPU
		{1E888729-BF82-4847-8BA6-B31219A8C7B0}.Debug|x64.Build.0 = Debug|Any CPU
		{1E888729-BF82-4847-8BA6-B31219A8C7B0}.Debug|x86.ActiveCfg = Debug|Any CPU
		{1E888729-BF82-4847-8BA6-B31219A8C7B0}.Debug|x86.Build.0 = Debug|Any CPU
		{1E888729-BF82-4847-8BA6-B31219A8C7B0}.Release|Any CPU.ActiveCfg = Release|Any CPU
		{1E888729-BF82-4847-8BA6-B31219A8C7B0}.Release|Any CPU.Build.0 = Release|Any CPU
		{1E888729-BF82-4847-8BA6-B31219A8C7B0}.Release|ARM.ActiveCfg = Release|Any CPU
		{1E888729-BF82-4847-8BA6-B31219A8C7B0}.Release|ARM.Build.0 = Release|Any CPU
		{1E888729-BF82-4847-8BA6-B31219A8C7B0}.Release|x64.ActiveCfg = Release|Any CPU
		{1E888729-BF82-4847-8BA6-B31219A8C7B0}.Release|x64.Build.0 = Release|Any CPU
		{1E888729-BF82-4847-8BA6-B31219A8C7B0}.Release|x86.ActiveCfg = Release|Any CPU
		{1E888729-BF82-4847-8BA6-B31219A8C7B0}.Release|x86.Build.0 = Release|Any CPU
		{89DDE2FB-7C7A-4BA0-9955-873F700DCE2D}.Debug|Any CPU.ActiveCfg = Debug|Any CPU
		{89DDE2FB-7C7A-4BA0-9955-873F700DCE2D}.Debug|Any CPU.Build.0 = Debug|Any CPU
		{89DDE2FB-7C7A-4BA0-9955-873F700DCE2D}.Debug|ARM.ActiveCfg = Debug|Any CPU
		{89DDE2FB-7C7A-4BA0-9955-873F700DCE2D}.Debug|ARM.Build.0 = Debug|Any CPU
		{89DDE2FB-7C7A-4BA0-9955-873F700DCE2D}.Debug|x64.ActiveCfg = Debug|Any CPU
		{89DDE2FB-7C7A-4BA0-9955-873F700DCE2D}.Debug|x64.Build.0 = Debug|Any CPU
		{89DDE2FB-7C7A-4BA0-9955-873F700DCE2D}.Debug|x86.ActiveCfg = Debug|Any CPU
		{89DDE2FB-7C7A-4BA0-9955-873F700DCE2D}.Debug|x86.Build.0 = Debug|Any CPU
		{89DDE2FB-7C7A-4BA0-9955-873F700DCE2D}.Release|Any CPU.ActiveCfg = Release|Any CPU
		{89DDE2FB-7C7A-4BA0-9955-873F700DCE2D}.Release|Any CPU.Build.0 = Release|Any CPU
		{89DDE2FB-7C7A-4BA0-9955-873F700DCE2D}.Release|ARM.ActiveCfg = Release|Any CPU
		{89DDE2FB-7C7A-4BA0-9955-873F700DCE2D}.Release|ARM.Build.0 = Release|Any CPU
		{89DDE2FB-7C7A-4BA0-9955-873F700DCE2D}.Release|x64.ActiveCfg = Release|Any CPU
		{89DDE2FB-7C7A-4BA0-9955-873F700DCE2D}.Release|x64.Build.0 = Release|Any CPU
		{89DDE2FB-7C7A-4BA0-9955-873F700DCE2D}.Release|x86.ActiveCfg = Release|Any CPU
		{89DDE2FB-7C7A-4BA0-9955-873F700DCE2D}.Release|x86.Build.0 = Release|Any CPU
		{3A1A8339-21C7-4606-8F56-5DD4B8D4B2F9}.Debug|Any CPU.ActiveCfg = Debug|Any CPU
		{3A1A8339-21C7-4606-8F56-5DD4B8D4B2F9}.Debug|Any CPU.Build.0 = Debug|Any CPU
		{3A1A8339-21C7-4606-8F56-5DD4B8D4B2F9}.Debug|ARM.ActiveCfg = Debug|Any CPU
		{3A1A8339-21C7-4606-8F56-5DD4B8D4B2F9}.Debug|ARM.Build.0 = Debug|Any CPU
		{3A1A8339-21C7-4606-8F56-5DD4B8D4B2F9}.Debug|x64.ActiveCfg = Debug|Any CPU
		{3A1A8339-21C7-4606-8F56-5DD4B8D4B2F9}.Debug|x64.Build.0 = Debug|Any CPU
		{3A1A8339-21C7-4606-8F56-5DD4B8D4B2F9}.Debug|x86.ActiveCfg = Debug|Any CPU
		{3A1A8339-21C7-4606-8F56-5DD4B8D4B2F9}.Debug|x86.Build.0 = Debug|Any CPU
		{3A1A8339-21C7-4606-8F56-5DD4B8D4B2F9}.Release|Any CPU.ActiveCfg = Release|Any CPU
		{3A1A8339-21C7-4606-8F56-5DD4B8D4B2F9}.Release|Any CPU.Build.0 = Release|Any CPU
		{3A1A8339-21C7-4606-8F56-5DD4B8D4B2F9}.Release|ARM.ActiveCfg = Release|Any CPU
		{3A1A8339-21C7-4606-8F56-5DD4B8D4B2F9}.Release|ARM.Build.0 = Release|Any CPU
		{3A1A8339-21C7-4606-8F56-5DD4B8D4B2F9}.Release|x64.ActiveCfg = Release|Any CPU
		{3A1A8339-21C7-4606-8F56-5DD4B8D4B2F9}.Release|x64.Build.0 = Release|Any CPU
		{3A1A8339-21C7-4606-8F56-5DD4B8D4B2F9}.Release|x86.ActiveCfg = Release|Any CPU
		{3A1A8339-21C7-4606-8F56-5DD4B8D4B2F9}.Release|x86.Build.0 = Release|Any CPU
		{B574438F-6397-4053-9311-34BCC7A03909}.Debug|Any CPU.ActiveCfg = Debug|Any CPU
		{B574438F-6397-4053-9311-34BCC7A03909}.Debug|Any CPU.Build.0 = Debug|Any CPU
		{B574438F-6397-4053-9311-34BCC7A03909}.Debug|ARM.ActiveCfg = Debug|Any CPU
		{B574438F-6397-4053-9311-34BCC7A03909}.Debug|ARM.Build.0 = Debug|Any CPU
		{B574438F-6397-4053-9311-34BCC7A03909}.Debug|x64.ActiveCfg = Debug|Any CPU
		{B574438F-6397-4053-9311-34BCC7A03909}.Debug|x64.Build.0 = Debug|Any CPU
		{B574438F-6397-4053-9311-34BCC7A03909}.Debug|x86.ActiveCfg = Debug|Any CPU
		{B574438F-6397-4053-9311-34BCC7A03909}.Debug|x86.Build.0 = Debug|Any CPU
		{B574438F-6397-4053-9311-34BCC7A03909}.Release|Any CPU.ActiveCfg = Release|Any CPU
		{B574438F-6397-4053-9311-34BCC7A03909}.Release|Any CPU.Build.0 = Release|Any CPU
		{B574438F-6397-4053-9311-34BCC7A03909}.Release|ARM.ActiveCfg = Release|Any CPU
		{B574438F-6397-4053-9311-34BCC7A03909}.Release|ARM.Build.0 = Release|Any CPU
		{B574438F-6397-4053-9311-34BCC7A03909}.Release|x64.ActiveCfg = Release|Any CPU
		{B574438F-6397-4053-9311-34BCC7A03909}.Release|x64.Build.0 = Release|Any CPU
		{B574438F-6397-4053-9311-34BCC7A03909}.Release|x86.ActiveCfg = Release|Any CPU
		{B574438F-6397-4053-9311-34BCC7A03909}.Release|x86.Build.0 = Release|Any CPU
		{6F7DB2AC-9035-480B-935C-6F7629446416}.Debug|Any CPU.ActiveCfg = Debug|Any CPU
		{6F7DB2AC-9035-480B-935C-6F7629446416}.Debug|Any CPU.Build.0 = Debug|Any CPU
		{6F7DB2AC-9035-480B-935C-6F7629446416}.Debug|ARM.ActiveCfg = Debug|Any CPU
		{6F7DB2AC-9035-480B-935C-6F7629446416}.Debug|ARM.Build.0 = Debug|Any CPU
		{6F7DB2AC-9035-480B-935C-6F7629446416}.Debug|x64.ActiveCfg = Debug|Any CPU
		{6F7DB2AC-9035-480B-935C-6F7629446416}.Debug|x64.Build.0 = Debug|Any CPU
		{6F7DB2AC-9035-480B-935C-6F7629446416}.Debug|x86.ActiveCfg = Debug|Any CPU
		{6F7DB2AC-9035-480B-935C-6F7629446416}.Debug|x86.Build.0 = Debug|Any CPU
		{6F7DB2AC-9035-480B-935C-6F7629446416}.Release|Any CPU.ActiveCfg = Release|Any CPU
		{6F7DB2AC-9035-480B-935C-6F7629446416}.Release|Any CPU.Build.0 = Release|Any CPU
		{6F7DB2AC-9035-480B-935C-6F7629446416}.Release|ARM.ActiveCfg = Release|Any CPU
		{6F7DB2AC-9035-480B-935C-6F7629446416}.Release|ARM.Build.0 = Release|Any CPU
		{6F7DB2AC-9035-480B-935C-6F7629446416}.Release|x64.ActiveCfg = Release|Any CPU
		{6F7DB2AC-9035-480B-935C-6F7629446416}.Release|x64.Build.0 = Release|Any CPU
		{6F7DB2AC-9035-480B-935C-6F7629446416}.Release|x86.ActiveCfg = Release|Any CPU
		{6F7DB2AC-9035-480B-935C-6F7629446416}.Release|x86.Build.0 = Release|Any CPU
		{F71FA347-1128-42B3-A0E2-293E7B214ADE}.Debug|Any CPU.ActiveCfg = Debug|Any CPU
		{F71FA347-1128-42B3-A0E2-293E7B214ADE}.Debug|Any CPU.Build.0 = Debug|Any CPU
		{F71FA347-1128-42B3-A0E2-293E7B214ADE}.Debug|ARM.ActiveCfg = Debug|Any CPU
		{F71FA347-1128-42B3-A0E2-293E7B214ADE}.Debug|ARM.Build.0 = Debug|Any CPU
		{F71FA347-1128-42B3-A0E2-293E7B214ADE}.Debug|x64.ActiveCfg = Debug|Any CPU
		{F71FA347-1128-42B3-A0E2-293E7B214ADE}.Debug|x64.Build.0 = Debug|Any CPU
		{F71FA347-1128-42B3-A0E2-293E7B214ADE}.Debug|x86.ActiveCfg = Debug|Any CPU
		{F71FA347-1128-42B3-A0E2-293E7B214ADE}.Debug|x86.Build.0 = Debug|Any CPU
		{F71FA347-1128-42B3-A0E2-293E7B214ADE}.Release|Any CPU.ActiveCfg = Release|Any CPU
		{F71FA347-1128-42B3-A0E2-293E7B214ADE}.Release|Any CPU.Build.0 = Release|Any CPU
		{F71FA347-1128-42B3-A0E2-293E7B214ADE}.Release|ARM.ActiveCfg = Release|Any CPU
		{F71FA347-1128-42B3-A0E2-293E7B214ADE}.Release|ARM.Build.0 = Release|Any CPU
		{F71FA347-1128-42B3-A0E2-293E7B214ADE}.Release|x64.ActiveCfg = Release|Any CPU
		{F71FA347-1128-42B3-A0E2-293E7B214ADE}.Release|x64.Build.0 = Release|Any CPU
		{F71FA347-1128-42B3-A0E2-293E7B214ADE}.Release|x86.ActiveCfg = Release|Any CPU
		{F71FA347-1128-42B3-A0E2-293E7B214ADE}.Release|x86.Build.0 = Release|Any CPU
		{ADB250BE-F8FB-400B-A66A-32E04512C3AB}.Debug|Any CPU.ActiveCfg = Debug|Any CPU
		{ADB250BE-F8FB-400B-A66A-32E04512C3AB}.Debug|Any CPU.Build.0 = Debug|Any CPU
		{ADB250BE-F8FB-400B-A66A-32E04512C3AB}.Debug|ARM.ActiveCfg = Debug|Any CPU
		{ADB250BE-F8FB-400B-A66A-32E04512C3AB}.Debug|x64.ActiveCfg = Debug|Any CPU
		{ADB250BE-F8FB-400B-A66A-32E04512C3AB}.Debug|x86.ActiveCfg = Debug|Any CPU
		{ADB250BE-F8FB-400B-A66A-32E04512C3AB}.Release|Any CPU.ActiveCfg = Release|Any CPU
		{ADB250BE-F8FB-400B-A66A-32E04512C3AB}.Release|Any CPU.Build.0 = Release|Any CPU
		{ADB250BE-F8FB-400B-A66A-32E04512C3AB}.Release|ARM.ActiveCfg = Release|Any CPU
		{ADB250BE-F8FB-400B-A66A-32E04512C3AB}.Release|x64.ActiveCfg = Release|Any CPU
		{ADB250BE-F8FB-400B-A66A-32E04512C3AB}.Release|x86.ActiveCfg = Release|Any CPU
		{0451BAEF-DF2E-4B98-8644-94EE9415E389}.Debug|Any CPU.ActiveCfg = Debug|Any CPU
		{0451BAEF-DF2E-4B98-8644-94EE9415E389}.Debug|ARM.ActiveCfg = Debug|Any CPU
		{0451BAEF-DF2E-4B98-8644-94EE9415E389}.Debug|ARM.Build.0 = Debug|Any CPU
		{0451BAEF-DF2E-4B98-8644-94EE9415E389}.Debug|x64.ActiveCfg = Debug|Any CPU
		{0451BAEF-DF2E-4B98-8644-94EE9415E389}.Debug|x64.Build.0 = Debug|Any CPU
		{0451BAEF-DF2E-4B98-8644-94EE9415E389}.Debug|x86.ActiveCfg = Debug|Any CPU
		{0451BAEF-DF2E-4B98-8644-94EE9415E389}.Debug|x86.Build.0 = Debug|Any CPU
		{0451BAEF-DF2E-4B98-8644-94EE9415E389}.Release|Any CPU.ActiveCfg = Release|Any CPU
		{0451BAEF-DF2E-4B98-8644-94EE9415E389}.Release|Any CPU.Build.0 = Release|Any CPU
		{0451BAEF-DF2E-4B98-8644-94EE9415E389}.Release|ARM.ActiveCfg = Release|Any CPU
		{0451BAEF-DF2E-4B98-8644-94EE9415E389}.Release|ARM.Build.0 = Release|Any CPU
		{0451BAEF-DF2E-4B98-8644-94EE9415E389}.Release|x64.ActiveCfg = Release|Any CPU
		{0451BAEF-DF2E-4B98-8644-94EE9415E389}.Release|x64.Build.0 = Release|Any CPU
		{0451BAEF-DF2E-4B98-8644-94EE9415E389}.Release|x86.ActiveCfg = Release|Any CPU
		{0451BAEF-DF2E-4B98-8644-94EE9415E389}.Release|x86.Build.0 = Release|Any CPU
		{81A91BB9-DD34-40F6-AE95-133D4CD01AB3}.Debug|Any CPU.ActiveCfg = Debug|Any CPU
		{81A91BB9-DD34-40F6-AE95-133D4CD01AB3}.Debug|Any CPU.Build.0 = Debug|Any CPU
		{81A91BB9-DD34-40F6-AE95-133D4CD01AB3}.Debug|ARM.ActiveCfg = Debug|Any CPU
		{81A91BB9-DD34-40F6-AE95-133D4CD01AB3}.Debug|ARM.Build.0 = Debug|Any CPU
		{81A91BB9-DD34-40F6-AE95-133D4CD01AB3}.Debug|x64.ActiveCfg = Debug|Any CPU
		{81A91BB9-DD34-40F6-AE95-133D4CD01AB3}.Debug|x64.Build.0 = Debug|Any CPU
		{81A91BB9-DD34-40F6-AE95-133D4CD01AB3}.Debug|x86.ActiveCfg = Debug|Any CPU
		{81A91BB9-DD34-40F6-AE95-133D4CD01AB3}.Debug|x86.Build.0 = Debug|Any CPU
		{81A91BB9-DD34-40F6-AE95-133D4CD01AB3}.Release|Any CPU.ActiveCfg = Release|Any CPU
		{81A91BB9-DD34-40F6-AE95-133D4CD01AB3}.Release|Any CPU.Build.0 = Release|Any CPU
		{81A91BB9-DD34-40F6-AE95-133D4CD01AB3}.Release|ARM.ActiveCfg = Release|Any CPU
		{81A91BB9-DD34-40F6-AE95-133D4CD01AB3}.Release|ARM.Build.0 = Release|Any CPU
		{81A91BB9-DD34-40F6-AE95-133D4CD01AB3}.Release|x64.ActiveCfg = Release|Any CPU
		{81A91BB9-DD34-40F6-AE95-133D4CD01AB3}.Release|x64.Build.0 = Release|Any CPU
		{81A91BB9-DD34-40F6-AE95-133D4CD01AB3}.Release|x86.ActiveCfg = Release|Any CPU
		{81A91BB9-DD34-40F6-AE95-133D4CD01AB3}.Release|x86.Build.0 = Release|Any CPU
		{A9FA58BE-1764-4686-8FC0-B316CEAB5410}.Debug|Any CPU.ActiveCfg = Debug|Any CPU
		{A9FA58BE-1764-4686-8FC0-B316CEAB5410}.Debug|Any CPU.Build.0 = Debug|Any CPU
		{A9FA58BE-1764-4686-8FC0-B316CEAB5410}.Debug|ARM.ActiveCfg = Debug|Any CPU
		{A9FA58BE-1764-4686-8FC0-B316CEAB5410}.Debug|ARM.Build.0 = Debug|Any CPU
		{A9FA58BE-1764-4686-8FC0-B316CEAB5410}.Debug|x64.ActiveCfg = Debug|Any CPU
		{A9FA58BE-1764-4686-8FC0-B316CEAB5410}.Debug|x64.Build.0 = Debug|Any CPU
		{A9FA58BE-1764-4686-8FC0-B316CEAB5410}.Debug|x86.ActiveCfg = Debug|Any CPU
		{A9FA58BE-1764-4686-8FC0-B316CEAB5410}.Debug|x86.Build.0 = Debug|Any CPU
		{A9FA58BE-1764-4686-8FC0-B316CEAB5410}.Release|Any CPU.ActiveCfg = Release|Any CPU
		{A9FA58BE-1764-4686-8FC0-B316CEAB5410}.Release|Any CPU.Build.0 = Release|Any CPU
		{A9FA58BE-1764-4686-8FC0-B316CEAB5410}.Release|ARM.ActiveCfg = Release|Any CPU
		{A9FA58BE-1764-4686-8FC0-B316CEAB5410}.Release|ARM.Build.0 = Release|Any CPU
		{A9FA58BE-1764-4686-8FC0-B316CEAB5410}.Release|x64.ActiveCfg = Release|Any CPU
		{A9FA58BE-1764-4686-8FC0-B316CEAB5410}.Release|x64.Build.0 = Release|Any CPU
		{A9FA58BE-1764-4686-8FC0-B316CEAB5410}.Release|x86.ActiveCfg = Release|Any CPU
		{A9FA58BE-1764-4686-8FC0-B316CEAB5410}.Release|x86.Build.0 = Release|Any CPU
		{434CCBB5-622A-4510-A743-DD39E545FEE4}.Debug|Any CPU.ActiveCfg = Debug|Any CPU
		{434CCBB5-622A-4510-A743-DD39E545FEE4}.Debug|Any CPU.Build.0 = Debug|Any CPU
		{434CCBB5-622A-4510-A743-DD39E545FEE4}.Debug|ARM.ActiveCfg = Debug|Any CPU
		{434CCBB5-622A-4510-A743-DD39E545FEE4}.Debug|ARM.Build.0 = Debug|Any CPU
		{434CCBB5-622A-4510-A743-DD39E545FEE4}.Debug|x64.ActiveCfg = Debug|Any CPU
		{434CCBB5-622A-4510-A743-DD39E545FEE4}.Debug|x64.Build.0 = Debug|Any CPU
		{434CCBB5-622A-4510-A743-DD39E545FEE4}.Debug|x86.ActiveCfg = Debug|Any CPU
		{434CCBB5-622A-4510-A743-DD39E545FEE4}.Debug|x86.Build.0 = Debug|Any CPU
		{434CCBB5-622A-4510-A743-DD39E545FEE4}.Release|Any CPU.ActiveCfg = Release|Any CPU
		{434CCBB5-622A-4510-A743-DD39E545FEE4}.Release|Any CPU.Build.0 = Release|Any CPU
		{434CCBB5-622A-4510-A743-DD39E545FEE4}.Release|ARM.ActiveCfg = Release|Any CPU
		{434CCBB5-622A-4510-A743-DD39E545FEE4}.Release|ARM.Build.0 = Release|Any CPU
		{434CCBB5-622A-4510-A743-DD39E545FEE4}.Release|x64.ActiveCfg = Release|Any CPU
		{434CCBB5-622A-4510-A743-DD39E545FEE4}.Release|x64.Build.0 = Release|Any CPU
		{434CCBB5-622A-4510-A743-DD39E545FEE4}.Release|x86.ActiveCfg = Release|Any CPU
		{434CCBB5-622A-4510-A743-DD39E545FEE4}.Release|x86.Build.0 = Release|Any CPU
		{02F1F465-FB85-4367-A896-ABFD22893DC6}.Debug|Any CPU.ActiveCfg = Debug|Any CPU
		{02F1F465-FB85-4367-A896-ABFD22893DC6}.Debug|Any CPU.Build.0 = Debug|Any CPU
		{02F1F465-FB85-4367-A896-ABFD22893DC6}.Debug|ARM.ActiveCfg = Debug|Any CPU
		{02F1F465-FB85-4367-A896-ABFD22893DC6}.Debug|ARM.Build.0 = Debug|Any CPU
		{02F1F465-FB85-4367-A896-ABFD22893DC6}.Debug|x64.ActiveCfg = Debug|Any CPU
		{02F1F465-FB85-4367-A896-ABFD22893DC6}.Debug|x64.Build.0 = Debug|Any CPU
		{02F1F465-FB85-4367-A896-ABFD22893DC6}.Debug|x86.ActiveCfg = Debug|Any CPU
		{02F1F465-FB85-4367-A896-ABFD22893DC6}.Debug|x86.Build.0 = Debug|Any CPU
		{02F1F465-FB85-4367-A896-ABFD22893DC6}.Release|Any CPU.ActiveCfg = Release|Any CPU
		{02F1F465-FB85-4367-A896-ABFD22893DC6}.Release|Any CPU.Build.0 = Release|Any CPU
		{02F1F465-FB85-4367-A896-ABFD22893DC6}.Release|ARM.ActiveCfg = Release|Any CPU
		{02F1F465-FB85-4367-A896-ABFD22893DC6}.Release|ARM.Build.0 = Release|Any CPU
		{02F1F465-FB85-4367-A896-ABFD22893DC6}.Release|x64.ActiveCfg = Release|Any CPU
		{02F1F465-FB85-4367-A896-ABFD22893DC6}.Release|x64.Build.0 = Release|Any CPU
		{02F1F465-FB85-4367-A896-ABFD22893DC6}.Release|x86.ActiveCfg = Release|Any CPU
		{02F1F465-FB85-4367-A896-ABFD22893DC6}.Release|x86.Build.0 = Release|Any CPU
		{5352AEC1-2DC9-41BB-9DDC-DC04CFFABC6D}.Debug|Any CPU.ActiveCfg = Debug|Any CPU
		{5352AEC1-2DC9-41BB-9DDC-DC04CFFABC6D}.Debug|Any CPU.Build.0 = Debug|Any CPU
		{5352AEC1-2DC9-41BB-9DDC-DC04CFFABC6D}.Debug|ARM.ActiveCfg = Debug|Any CPU
		{5352AEC1-2DC9-41BB-9DDC-DC04CFFABC6D}.Debug|ARM.Build.0 = Debug|Any CPU
		{5352AEC1-2DC9-41BB-9DDC-DC04CFFABC6D}.Debug|x64.ActiveCfg = Debug|Any CPU
		{5352AEC1-2DC9-41BB-9DDC-DC04CFFABC6D}.Debug|x64.Build.0 = Debug|Any CPU
		{5352AEC1-2DC9-41BB-9DDC-DC04CFFABC6D}.Debug|x86.ActiveCfg = Debug|Any CPU
		{5352AEC1-2DC9-41BB-9DDC-DC04CFFABC6D}.Debug|x86.Build.0 = Debug|Any CPU
		{5352AEC1-2DC9-41BB-9DDC-DC04CFFABC6D}.Release|Any CPU.ActiveCfg = Release|Any CPU
		{5352AEC1-2DC9-41BB-9DDC-DC04CFFABC6D}.Release|Any CPU.Build.0 = Release|Any CPU
		{5352AEC1-2DC9-41BB-9DDC-DC04CFFABC6D}.Release|ARM.ActiveCfg = Release|Any CPU
		{5352AEC1-2DC9-41BB-9DDC-DC04CFFABC6D}.Release|ARM.Build.0 = Release|Any CPU
		{5352AEC1-2DC9-41BB-9DDC-DC04CFFABC6D}.Release|x64.ActiveCfg = Release|Any CPU
		{5352AEC1-2DC9-41BB-9DDC-DC04CFFABC6D}.Release|x64.Build.0 = Release|Any CPU
		{5352AEC1-2DC9-41BB-9DDC-DC04CFFABC6D}.Release|x86.ActiveCfg = Release|Any CPU
		{5352AEC1-2DC9-41BB-9DDC-DC04CFFABC6D}.Release|x86.Build.0 = Release|Any CPU
		{BFF4C54E-D14E-4DF0-9287-FE07443642E6}.Debug|Any CPU.ActiveCfg = Debug|x86
		{BFF4C54E-D14E-4DF0-9287-FE07443642E6}.Debug|ARM.ActiveCfg = Debug|ARM
		{BFF4C54E-D14E-4DF0-9287-FE07443642E6}.Debug|ARM.Build.0 = Debug|ARM
		{BFF4C54E-D14E-4DF0-9287-FE07443642E6}.Debug|ARM.Deploy.0 = Debug|ARM
		{BFF4C54E-D14E-4DF0-9287-FE07443642E6}.Debug|x64.ActiveCfg = Debug|x64
		{BFF4C54E-D14E-4DF0-9287-FE07443642E6}.Debug|x64.Build.0 = Debug|x64
		{BFF4C54E-D14E-4DF0-9287-FE07443642E6}.Debug|x64.Deploy.0 = Debug|x64
		{BFF4C54E-D14E-4DF0-9287-FE07443642E6}.Debug|x86.ActiveCfg = Debug|x86
		{BFF4C54E-D14E-4DF0-9287-FE07443642E6}.Debug|x86.Build.0 = Debug|x86
		{BFF4C54E-D14E-4DF0-9287-FE07443642E6}.Debug|x86.Deploy.0 = Debug|x86
		{BFF4C54E-D14E-4DF0-9287-FE07443642E6}.Release|Any CPU.ActiveCfg = Release|x86
		{BFF4C54E-D14E-4DF0-9287-FE07443642E6}.Release|ARM.ActiveCfg = Release|ARM
		{BFF4C54E-D14E-4DF0-9287-FE07443642E6}.Release|ARM.Build.0 = Release|ARM
		{BFF4C54E-D14E-4DF0-9287-FE07443642E6}.Release|ARM.Deploy.0 = Release|ARM
		{BFF4C54E-D14E-4DF0-9287-FE07443642E6}.Release|x64.ActiveCfg = Release|x64
		{BFF4C54E-D14E-4DF0-9287-FE07443642E6}.Release|x64.Build.0 = Release|x64
		{BFF4C54E-D14E-4DF0-9287-FE07443642E6}.Release|x64.Deploy.0 = Release|x64
		{BFF4C54E-D14E-4DF0-9287-FE07443642E6}.Release|x86.ActiveCfg = Release|x86
		{BFF4C54E-D14E-4DF0-9287-FE07443642E6}.Release|x86.Build.0 = Release|x86
		{BFF4C54E-D14E-4DF0-9287-FE07443642E6}.Release|x86.Deploy.0 = Release|x86
		{50F289F3-8C64-47B3-B586-B261CD6208EB}.Debug|Any CPU.ActiveCfg = Debug|Any CPU
		{50F289F3-8C64-47B3-B586-B261CD6208EB}.Debug|Any CPU.Build.0 = Debug|Any CPU
		{50F289F3-8C64-47B3-B586-B261CD6208EB}.Debug|Any CPU.Deploy.0 = Debug|Any CPU
		{50F289F3-8C64-47B3-B586-B261CD6208EB}.Debug|ARM.ActiveCfg = Debug|Any CPU
		{50F289F3-8C64-47B3-B586-B261CD6208EB}.Debug|ARM.Build.0 = Debug|Any CPU
		{50F289F3-8C64-47B3-B586-B261CD6208EB}.Debug|ARM.Deploy.0 = Debug|Any CPU
		{50F289F3-8C64-47B3-B586-B261CD6208EB}.Debug|x64.ActiveCfg = Debug|Any CPU
		{50F289F3-8C64-47B3-B586-B261CD6208EB}.Debug|x64.Build.0 = Debug|Any CPU
		{50F289F3-8C64-47B3-B586-B261CD6208EB}.Debug|x64.Deploy.0 = Debug|Any CPU
		{50F289F3-8C64-47B3-B586-B261CD6208EB}.Debug|x86.ActiveCfg = Debug|Any CPU
		{50F289F3-8C64-47B3-B586-B261CD6208EB}.Debug|x86.Build.0 = Debug|Any CPU
		{50F289F3-8C64-47B3-B586-B261CD6208EB}.Debug|x86.Deploy.0 = Debug|Any CPU
		{50F289F3-8C64-47B3-B586-B261CD6208EB}.Release|Any CPU.ActiveCfg = Release|Any CPU
		{50F289F3-8C64-47B3-B586-B261CD6208EB}.Release|Any CPU.Build.0 = Release|Any CPU
		{50F289F3-8C64-47B3-B586-B261CD6208EB}.Release|Any CPU.Deploy.0 = Release|Any CPU
		{50F289F3-8C64-47B3-B586-B261CD6208EB}.Release|ARM.ActiveCfg = Release|Any CPU
		{50F289F3-8C64-47B3-B586-B261CD6208EB}.Release|ARM.Build.0 = Release|Any CPU
		{50F289F3-8C64-47B3-B586-B261CD6208EB}.Release|ARM.Deploy.0 = Release|Any CPU
		{50F289F3-8C64-47B3-B586-B261CD6208EB}.Release|x64.ActiveCfg = Release|Any CPU
		{50F289F3-8C64-47B3-B586-B261CD6208EB}.Release|x64.Build.0 = Release|Any CPU
		{50F289F3-8C64-47B3-B586-B261CD6208EB}.Release|x64.Deploy.0 = Release|Any CPU
		{50F289F3-8C64-47B3-B586-B261CD6208EB}.Release|x86.ActiveCfg = Release|Any CPU
		{50F289F3-8C64-47B3-B586-B261CD6208EB}.Release|x86.Build.0 = Release|Any CPU
		{50F289F3-8C64-47B3-B586-B261CD6208EB}.Release|x86.Deploy.0 = Release|Any CPU
	EndGlobalSection
	GlobalSection(SolutionProperties) = preSolution
		HideSolutionNode = FALSE
	EndGlobalSection
	GlobalSection(NestedProjects) = preSolution
		{6743C1F9-84A5-4572-B6BD-D42421B2A67A} = {4CFEE54A-C7C1-41E5-A137-8FB908B17F4C}
		{5DB653DF-B64B-4127-B8CE-3D2ADFB754FD} = {6743C1F9-84A5-4572-B6BD-D42421B2A67A}
		{960771BB-1AD7-4167-A33B-D5740196A7E6} = {BF24BF5A-3D52-4D64-9600-9CDEF3023BC1}
		{1E888729-BF82-4847-8BA6-B31219A8C7B0} = {1D540ED8-500D-49FB-B30A-CF008FC181E5}
		{89DDE2FB-7C7A-4BA0-9955-873F700DCE2D} = {0BB9C9D1-F4DF-4A86-9CBE-DE6866CEB6C3}
		{3A1A8339-21C7-4606-8F56-5DD4B8D4B2F9} = {3ED48FA9-63F1-4274-BF4C-EAC80814D8C1}
		{050B2EB9-758B-40A0-BAE3-07B0D126E9DC} = {E25FEDA5-0978-47E0-9BB7-651EADF3545F}
		{B574438F-6397-4053-9311-34BCC7A03909} = {AC13A0C0-0C1B-47BD-857B-B1395AFB7EF1}
		{6F7DB2AC-9035-480B-935C-6F7629446416} = {0C62954E-7F36-4EFC-BEC3-4CDDC17280A9}
		{F71FA347-1128-42B3-A0E2-293E7B214ADE} = {E479CF6F-9B10-46F1-80F0-12F31B562C2B}
		{ADB250BE-F8FB-400B-A66A-32E04512C3AB} = {2566DE7F-BA31-4834-AB56-BE29E4765F71}
		{0451BAEF-DF2E-4B98-8644-94EE9415E389} = {5B5594D6-1502-4289-A3C6-5FEEB189A5C6}
		{40719194-31EB-49D6-BA61-F2D5EBC0B1E9} = {4CFEE54A-C7C1-41E5-A137-8FB908B17F4C}
		{81A91BB9-DD34-40F6-AE95-133D4CD01AB3} = {40719194-31EB-49D6-BA61-F2D5EBC0B1E9}
		{902CE409-5138-4B52-A421-ABF8AC828E0B} = {4CFEE54A-C7C1-41E5-A137-8FB908B17F4C}
		{A9FA58BE-1764-4686-8FC0-B316CEAB5410} = {902CE409-5138-4B52-A421-ABF8AC828E0B}
		{FA27F839-9DDF-405A-BA6F-A532C2387D77} = {4CFEE54A-C7C1-41E5-A137-8FB908B17F4C}
		{434CCBB5-622A-4510-A743-DD39E545FEE4} = {FA27F839-9DDF-405A-BA6F-A532C2387D77}
		{D14AA78E-6135-4F3F-93BE-896B0CB51E20} = {4CFEE54A-C7C1-41E5-A137-8FB908B17F4C}
		{02F1F465-FB85-4367-A896-ABFD22893DC6} = {D14AA78E-6135-4F3F-93BE-896B0CB51E20}
		{FCCE92FD-7F9A-4CDE-A141-0009FB36B34E} = {4CFEE54A-C7C1-41E5-A137-8FB908B17F4C}
		{5352AEC1-2DC9-41BB-9DDC-DC04CFFABC6D} = {FCCE92FD-7F9A-4CDE-A141-0009FB36B34E}
		{A9272430-09DA-402A-A456-9277D842B302} = {4CFEE54A-C7C1-41E5-A137-8FB908B17F4C}
		{BFF4C54E-D14E-4DF0-9287-FE07443642E6} = {A9272430-09DA-402A-A456-9277D842B302}
		{50F289F3-8C64-47B3-B586-B261CD6208EB} = {A9272430-09DA-402A-A456-9277D842B302}
	EndGlobalSection
EndGlobal
